
Microsoft Visual Studio Solution File, Format Version 12.00
# Visual Studio Version 16
VisualStudioVersion = 16.0.30517.126
MinimumVisualStudioVersion = 10.0.40219.1
Project("{888888A0-9F3D-457C-B088-3A5042F75D52}") = "MOEX", "MOEX.pyproj", "{C51B5668-8F90-409A-84F3-EA88414F6DA3}"
EndProject
Global
	GlobalSection(SolutionConfigurationPlatforms) = preSolution
		Debug|Any CPU = Debug|Any CPU
		Release|Any CPU = Release|Any CPU
	EndGlobalSection
	GlobalSection(ProjectConfigurationPlatforms) = postSolution
		{C51B5668-8F90-409A-84F3-EA88414F6DA3}.Debug|Any CPU.ActiveCfg = Debug|Any CPU
		{C51B5668-8F90-409A-84F3-EA88414F6DA3}.Release|Any CPU.ActiveCfg = Release|Any CPU
	EndGlobalSection
	GlobalSection(SolutionProperties) = preSolution
		HideSolutionNode = FALSE
	EndGlobalSection
	GlobalSection(ExtensibilityGlobals) = postSolution
		SolutionGuid = {B4F8B438-52D6-4E7E-B339-8B3B3905D06A}
	EndGlobalSection
EndGlobal
